
Microsoft Visual Studio Solution File, Format Version 12.00
# Visual Studio Version 16
VisualStudioVersion = 16.0.30104.148
MinimumVisualStudioVersion = 10.0.40219.1
Project("{FAE04EC0-301F-11D3-BF4B-00C04F79EFBC}") = "QuanLyThuVien", "QuanLyThuVien.csproj", "{698F1DC5-F8A4-4DCB-98B2-22038237920C}"
EndProject
Project("{FAE04EC0-301F-11D3-BF4B-00C04F79EFBC}") = "KetNoiDB", "..\KetNoiDB\KetNoiDB.csproj", "{F2AE6C67-843A-428C-A7BC-243062D99B9F}"
EndProject
Project("{FAE04EC0-301F-11D3-BF4B-00C04F79EFBC}") = "BangThuVien", "..\BangThuVien\BangThuVien.csproj", "{61701AF0-51FE-422A-A6B2-2F3139769E3D}"
EndProject
Global
	GlobalSection(SolutionConfigurationPlatforms) = preSolution
		Debug|Any CPU = Debug|Any CPU
		Release|Any CPU = Release|Any CPU
	EndGlobalSection
	GlobalSection(ProjectConfigurationPlatforms) = postSolution
		{698F1DC5-F8A4-4DCB-98B2-22038237920C}.Debug|Any CPU.ActiveCfg = Debug|Any CPU
		{698F1DC5-F8A4-4DCB-98B2-22038237920C}.Debug|Any CPU.Build.0 = Debug|Any CPU
		{698F1DC5-F8A4-4DCB-98B2-22038237920C}.Release|Any CPU.ActiveCfg = Release|Any CPU
		{698F1DC5-F8A4-4DCB-98B2-22038237920C}.Release|Any CPU.Build.0 = Release|Any CPU
		{F2AE6C67-843A-428C-A7BC-243062D99B9F}.Debug|Any CPU.ActiveCfg = Debug|Any CPU
		{F2AE6C67-843A-428C-A7BC-243062D99B9F}.Debug|Any CPU.Build.0 = Debug|Any CPU
		{F2AE6C67-843A-428C-A7BC-243062D99B9F}.Release|Any CPU.ActiveCfg = Release|Any CPU
		{F2AE6C67-843A-428C-A7BC-243062D99B9F}.Release|Any CPU.Build.0 = Release|Any CPU
		{61701AF0-51FE-422A-A6B2-2F3139769E3D}.Debug|Any CPU.ActiveCfg = Debug|Any CPU
		{61701AF0-51FE-422A-A6B2-2F3139769E3D}.Debug|Any CPU.Build.0 = Debug|Any CPU
		{61701AF0-51FE-422A-A6B2-2F3139769E3D}.Release|Any CPU.ActiveCfg = Release|Any CPU
		{61701AF0-51FE-422A-A6B2-2F3139769E3D}.Release|Any CPU.Build.0 = Release|Any CPU
	EndGlobalSection
	GlobalSection(SolutionProperties) = preSolution
		HideSolutionNode = FALSE
	EndGlobalSection
	GlobalSection(ExtensibilityGlobals) = postSolution
		SolutionGuid = {BD4CC7C0-94F8-4CD4-A986-B04321F05C0B}
	EndGlobalSection
EndGlobal
